
Microsoft Visual Studio Solution File, Format Version 12.00
# Visual Studio Version 17
VisualStudioVersion = 17.14.36915.13
MinimumVisualStudioVersion = 10.0.40219.1
Project("{2150E333-8FDC-42A3-9474-1A3956D46DE8}") = "MCFH-Project", "MCFH-Project", "{02EA681E-C7D8-13C7-8484-4AC65E1B71E8}"
EndProject
Project("{2150E333-8FDC-42A3-9474-1A3956D46DE8}") = "MCFH-Frontend", "MCFH-Frontend", "{FB4BD1C7-FA3E-4D5A-AFDC-5DFD8EF791B8}"
	ProjectSection(SolutionItems) = preProject
		.gitkeep = .gitkeep
	EndProjectSection
EndProject
Project("{FAE04EC0-301F-11D3-BF4B-00C04F79EFBC}") = "MCFHBackend", "MCFH\MCFHBackend.csproj", "{BAE27717-652C-D645-841D-D5366D616DDE}"
EndProject
Project("{2150E333-8FDC-42A3-9474-1A3956D46DE8}") = "Solution Items", "Solution Items", "{8EC462FD-D22E-90A8-E5CE-7E832BA40C5D}"
	ProjectSection(SolutionItems) = preProject
		.gitignore = .gitignore
	EndProjectSection
EndProject
Global
	GlobalSection(SolutionConfigurationPlatforms) = preSolution
		Debug|Any CPU = Debug|Any CPU
		Release|Any CPU = Release|Any CPU
	EndGlobalSection
	GlobalSection(ProjectConfigurationPlatforms) = postSolution
		{BAE27717-652C-D645-841D-D5366D616DDE}.Debug|Any CPU.ActiveCfg = Debug|Any CPU
		{BAE27717-652C-D645-841D-D5366D616DDE}.Debug|Any CPU.Build.0 = Debug|Any CPU
		{BAE27717-652C-D645-841D-D5366D616DDE}.Release|Any CPU.ActiveCfg = Release|Any CPU
		{BAE27717-652C-D645-841D-D5366D616DDE}.Release|Any CPU.Build.0 = Release|Any CPU
	EndGlobalSection
	GlobalSection(SolutionProperties) = preSolution
		HideSolutionNode = FALSE
	EndGlobalSection
	GlobalSection(NestedProjects) = preSolution
		{FB4BD1C7-FA3E-4D5A-AFDC-5DFD8EF791B8} = {02EA681E-C7D8-13C7-8484-4AC65E1B71E8}
	EndGlobalSection
	GlobalSection(ExtensibilityGlobals) = postSolution
		SolutionGuid = {E875CB60-E1F6-4F0A-9F94-40B98A1CB62F}
	EndGlobalSection
EndGlobal
